{
  "version": 4,
  "terraform_version": "1.12.2",
  "serial": 32,
  "lineage": "97c87589-6ea5-da58-97e9-3a90a9f0ae10",
  "outputs": {
    "s3_bucket_name": {
      "value": "temp-terraform-narumikr",
      "type": "string"
    },
    "s3_website_endpoint": {
      "value": "temp-terraform-narumikr.s3-website-ap-northeast-1.amazonaws.com",
      "type": "string"
    }
  },
  "resources": [
    {
      "module": "module.cloudfront",
      "mode": "data",
      "type": "aws_cloudfront_cache_policy",
      "name": "caching_optimized",
      "provider": "provider[\"registry.terraform.io/hashicorp/aws\"]",
      "instances": [
        {
          "schema_version": 0,
          "attributes": {
            "arn": "arn:aws:cloudfront::233325049428:cache-policy/658327ea-f89d-4fab-a63d-7e88639e58f6",
            "comment": "Policy with caching enabled. Supports Gzip and Brotli compression.",
            "default_ttl": 86400,
            "etag": "E23ZP02F085DFQ",
            "id": "658327ea-f89d-4fab-a63d-7e88639e58f6",
            "max_ttl": 31536000,
            "min_ttl": 1,
            "name": "Managed-CachingOptimized",
            "parameters_in_cache_key_and_forwarded_to_origin": [
              {
                "cookies_config": [
                  {
                    "cookie_behavior": "none",
                    "cookies": []
                  }
                ],
                "enable_accept_encoding_brotli": true,
                "enable_accept_encoding_gzip": true,
                "headers_config": [
                  {
                    "header_behavior": "none",
                    "headers": []
                  }
                ],
                "query_strings_config": [
                  {
                    "query_string_behavior": "none",
                    "query_strings": []
                  }
                ]
              }
            ]
          },
          "sensitive_attributes": [],
          "identity_schema_version": 0
        }
      ]
    },
    {
      "module": "module.cloudfront",
      "mode": "data",
      "type": "aws_cloudfront_origin_request_policy",
      "name": "cors_s3_origin",
      "provider": "provider[\"registry.terraform.io/hashicorp/aws\"]",
      "instances": [
        {
          "schema_version": 0,
          "attributes": {
            "arn": "arn:aws:cloudfront::233325049428:origin-request-policy/88a5eaf4-2fd4-4709-b370-b4c650ea3fcf",
            "comment": "Policy for S3 origin with CORS",
            "cookies_config": [
              {
                "cookie_behavior": "none",
                "cookies": []
              }
            ],
            "etag": "E23ZP02F085DFQ",
            "headers_config": [
              {
                "header_behavior": "whitelist",
                "headers": [
                  {
                    "items": [
                      "access-control-request-headers",
                      "access-control-request-method",
                      "origin"
                    ]
                  }
                ]
              }
            ],
            "id": "88a5eaf4-2fd4-4709-b370-b4c650ea3fcf",
            "name": "Managed-CORS-S3Origin",
            "query_strings_config": [
              {
                "query_string_behavior": "none",
                "query_strings": []
              }
            ]
          },
          "sensitive_attributes": [],
          "identity_schema_version": 0
        }
      ]
    },
    {
      "module": "module.cloudfront",
      "mode": "data",
      "type": "aws_cloudfront_response_headers_policy",
      "name": "security_headers",
      "provider": "provider[\"registry.terraform.io/hashicorp/aws\"]",
      "instances": [
        {
          "schema_version": 0,
          "attributes": {
            "arn": "arn:aws:cloudfront::233325049428:response-headers-policy/67f7725c-6f97-4210-82d7-5512b31e9d03",
            "comment": "Adds a set of security headers to every response",
            "cors_config": [],
            "custom_headers_config": [],
            "etag": "E23ZP02F085DFQ",
            "id": "67f7725c-6f97-4210-82d7-5512b31e9d03",
            "name": "Managed-SecurityHeadersPolicy",
            "remove_headers_config": [],
            "security_headers_config": [
              {
                "content_security_policy": [],
                "content_type_options": [
                  {
                    "override": true
                  }
                ],
                "frame_options": [
                  {
                    "frame_option": "SAMEORIGIN",
                    "override": false
                  }
                ],
                "referrer_policy": [
                  {
                    "override": false,
                    "referrer_policy": "strict-origin-when-cross-origin"
                  }
                ],
                "strict_transport_security": [
                  {
                    "access_control_max_age_sec": 31536000,
                    "include_subdomains": false,
                    "override": false,
                    "preload": false
                  }
                ],
                "xss_protection": [
                  {
                    "mode_block": true,
                    "override": false,
                    "protection": true,
                    "report_uri": ""
                  }
                ]
              }
            ],
            "server_timing_headers_config": []
          },
          "sensitive_attributes": [],
          "identity_schema_version": 0
        }
      ]
    },
    {
      "module": "module.cloudfront",
      "mode": "managed",
      "type": "aws_cloudfront_cache_policy",
      "name": "nextjs_caching",
      "provider": "provider[\"registry.terraform.io/hashicorp/aws\"]",
      "instances": [
        {
          "schema_version": 0,
          "attributes": {
            "arn": "arn:aws:cloudfront::233325049428:cache-policy/0ca53ff3-15f5-4a18-aba5-fbc4bf43c46d",
            "comment": "Cache policy for Next.js static export",
            "default_ttl": 86400,
            "etag": "E23ZP02F085DFQ",
            "id": "0ca53ff3-15f5-4a18-aba5-fbc4bf43c46d",
            "max_ttl": 31536000,
            "min_ttl": 0,
            "name": "temp-terraform-narumikr-nextjs-caching",
            "parameters_in_cache_key_and_forwarded_to_origin": [
              {
                "cookies_config": [
                  {
                    "cookie_behavior": "none",
                    "cookies": []
                  }
                ],
                "enable_accept_encoding_brotli": true,
                "enable_accept_encoding_gzip": true,
                "headers_config": [
                  {
                    "header_behavior": "none",
                    "headers": []
                  }
                ],
                "query_strings_config": [
                  {
                    "query_string_behavior": "none",
                    "query_strings": []
                  }
                ]
              }
            ]
          },
          "sensitive_attributes": [],
          "identity_schema_version": 0,
          "private": "bnVsbA==",
          "dependencies": [
            "module.s3.aws_s3_bucket.this",
            "module.s3.aws_s3_bucket_public_access_block.this",
            "module.s3.aws_s3_bucket_server_side_encryption_configuration.this",
            "module.s3.aws_s3_bucket_versioning.this",
            "module.s3.aws_s3_bucket_website_configuration.this"
          ]
        }
      ]
    },
    {
      "module": "module.cloudfront",
      "mode": "managed",
      "type": "aws_cloudfront_function",
      "name": "nextjs_routing",
      "provider": "provider[\"registry.terraform.io/hashicorp/aws\"]",
      "instances": [
        {
          "schema_version": 0,
          "attributes": {
            "arn": "arn:aws:cloudfront::233325049428:function/temp-terraform-narumikr-nextjs-routing",
            "code": "function handler(event) {\r\n    var request = event.request;\r\n    var uri = request.uri;\r\n    \r\n    // _next/ で始まるパス(Next.jsの静的アセット)はそのまま\r\n    if (uri.startsWith('/_next/')) {\r\n        return request;\r\n    }\r\n    \r\n    // ファイル拡張子があるリクエスト(静的ファイル)はそのまま\r\n    if (uri.includes('.')) {\r\n        return request;\r\n    }\r\n    \r\n    // ルートパスの場合\r\n    if (uri === '/') {\r\n        return request;\r\n    }\r\n    \r\n    // パスが / で終わらない場合(e.g.: /top)\r\n    if (!uri.endsWith('/')) {\r\n        // 対応するディレクトリがある場合は /index.html を追加\r\n        request.uri = uri + '/index.html';\r\n        return request;\r\n    }\r\n    \r\n    // パスが / で終わる場合(e.g.: /top/)\r\n    if (uri.endsWith('/')) {\r\n        request.uri = uri + 'index.html';\r\n        return request;\r\n    }\r\n    \r\n    // その他の場合はルートのindex.htmlにフォールバック\r\n    request.uri = '/index.html';\r\n    return request;\r\n}\r\n",
            "comment": "Next.js static export routing handler",
            "etag": "ETVPDKIKX0DER",
            "id": "temp-terraform-narumikr-nextjs-routing",
            "key_value_store_associations": null,
            "live_stage_etag": "ETVPDKIKX0DER",
            "name": "temp-terraform-narumikr-nextjs-routing",
            "publish": true,
            "runtime": "cloudfront-js-1.0",
            "status": "UNASSOCIATED"
          },
          "sensitive_attributes": [],
          "identity_schema_version": 0,
          "private": "bnVsbA==",
          "dependencies": [
            "module.s3.aws_s3_bucket.this",
            "module.s3.aws_s3_bucket_public_access_block.this",
            "module.s3.aws_s3_bucket_server_side_encryption_configuration.this",
            "module.s3.aws_s3_bucket_versioning.this",
            "module.s3.aws_s3_bucket_website_configuration.this"
          ]
        }
      ]
    },
    {
      "module": "module.s3",
      "mode": "managed",
      "type": "aws_s3_bucket",
      "name": "this",
      "provider": "provider[\"registry.terraform.io/hashicorp/aws\"]",
      "instances": [
        {
          "schema_version": 0,
          "attributes": {
            "acceleration_status": "",
            "acl": null,
            "arn": "arn:aws:s3:::temp-terraform-narumikr",
            "bucket": "temp-terraform-narumikr",
            "bucket_domain_name": "temp-terraform-narumikr.s3.amazonaws.com",
            "bucket_prefix": "",
            "bucket_regional_domain_name": "temp-terraform-narumikr.s3.ap-northeast-1.amazonaws.com",
            "cors_rule": [],
            "force_destroy": false,
            "grant": [
              {
                "id": "36ca10b7d154f2e0e3255a6351f07974191319fe8ee437ddd4923462a0cdb6e6",
                "permissions": [
                  "FULL_CONTROL"
                ],
                "type": "CanonicalUser",
                "uri": ""
              }
            ],
            "hosted_zone_id": "Z2M4EHUR26P7ZW",
            "id": "temp-terraform-narumikr",
            "lifecycle_rule": [],
            "logging": [],
            "object_lock_configuration": [],
            "object_lock_enabled": false,
            "policy": "",
            "region": "ap-northeast-1",
            "replication_configuration": [],
            "request_payer": "BucketOwner",
            "server_side_encryption_configuration": [
              {
                "rule": [
                  {
                    "apply_server_side_encryption_by_default": [
                      {
                        "kms_master_key_id": "",
                        "sse_algorithm": "AES256"
                      }
                    ],
                    "bucket_key_enabled": false
                  }
                ]
              }
            ],
            "tags": {
              "Environment": "dev",
              "Name": "temp-terraform-narumikr",
              "Purpose": "Static Website Hosting"
            },
            "tags_all": {
              "Environment": "dev",
              "Name": "temp-terraform-narumikr",
              "Purpose": "Static Website Hosting"
            },
            "timeouts": null,
            "versioning": [
              {
                "enabled": true,
                "mfa_delete": false
              }
            ],
            "website": [
              {
                "error_document": "404.html",
                "index_document": "index.html",
                "redirect_all_requests_to": "",
                "routing_rules": ""
              }
            ],
            "website_domain": "s3-website-ap-northeast-1.amazonaws.com",
            "website_endpoint": "temp-terraform-narumikr.s3-website-ap-northeast-1.amazonaws.com"
          },
          "sensitive_attributes": [],
          "identity_schema_version": 0,
          "private": "eyJlMmJmYjczMC1lY2FhLTExZTYtOGY4OC0zNDM2M2JjN2M0YzAiOnsiY3JlYXRlIjoxMjAwMDAwMDAwMDAwLCJkZWxldGUiOjM2MDAwMDAwMDAwMDAsInJlYWQiOjEyMDAwMDAwMDAwMDAsInVwZGF0ZSI6MTIwMDAwMDAwMDAwMH19"
        }
      ]
    },
    {
      "module": "module.s3",
      "mode": "managed",
      "type": "aws_s3_bucket_public_access_block",
      "name": "this",
      "provider": "provider[\"registry.terraform.io/hashicorp/aws\"]",
      "instances": [
        {
          "schema_version": 0,
          "attributes": {
            "block_public_acls": true,
            "block_public_policy": false,
            "bucket": "temp-terraform-narumikr",
            "id": "temp-terraform-narumikr",
            "ignore_public_acls": true,
            "restrict_public_buckets": false
          },
          "sensitive_attributes": [],
          "identity_schema_version": 0,
          "private": "bnVsbA==",
          "dependencies": [
            "module.s3.aws_s3_bucket.this"
          ]
        }
      ]
    },
    {
      "module": "module.s3",
      "mode": "managed",
      "type": "aws_s3_bucket_server_side_encryption_configuration",
      "name": "this",
      "provider": "provider[\"registry.terraform.io/hashicorp/aws\"]",
      "instances": [
        {
          "schema_version": 0,
          "attributes": {
            "bucket": "temp-terraform-narumikr",
            "expected_bucket_owner": "",
            "id": "temp-terraform-narumikr",
            "rule": [
              {
                "apply_server_side_encryption_by_default": [
                  {
                    "kms_master_key_id": "",
                    "sse_algorithm": "AES256"
                  }
                ],
                "bucket_key_enabled": false
              }
            ]
          },
          "sensitive_attributes": [],
          "identity_schema_version": 0,
          "private": "bnVsbA==",
          "dependencies": [
            "module.s3.aws_s3_bucket.this"
          ]
        }
      ]
    },
    {
      "module": "module.s3",
      "mode": "managed",
      "type": "aws_s3_bucket_versioning",
      "name": "this",
      "provider": "provider[\"registry.terraform.io/hashicorp/aws\"]",
      "instances": [
        {
          "schema_version": 0,
          "attributes": {
            "bucket": "temp-terraform-narumikr",
            "expected_bucket_owner": "",
            "id": "temp-terraform-narumikr",
            "mfa": null,
            "versioning_configuration": [
              {
                "mfa_delete": "",
                "status": "Enabled"
              }
            ]
          },
          "sensitive_attributes": [],
          "identity_schema_version": 0,
          "private": "bnVsbA==",
          "dependencies": [
            "module.s3.aws_s3_bucket.this"
          ]
        }
      ]
    },
    {
      "module": "module.s3",
      "mode": "managed",
      "type": "aws_s3_bucket_website_configuration",
      "name": "this",
      "provider": "provider[\"registry.terraform.io/hashicorp/aws\"]",
      "instances": [
        {
          "schema_version": 0,
          "attributes": {
            "bucket": "temp-terraform-narumikr",
            "error_document": [
              {
                "key": "404.html"
              }
            ],
            "expected_bucket_owner": "",
            "id": "temp-terraform-narumikr",
            "index_document": [
              {
                "suffix": "index.html"
              }
            ],
            "redirect_all_requests_to": [],
            "routing_rule": [],
            "routing_rules": "",
            "website_domain": "s3-website-ap-northeast-1.amazonaws.com",
            "website_endpoint": "temp-terraform-narumikr.s3-website-ap-northeast-1.amazonaws.com"
          },
          "sensitive_attributes": [],
          "identity_schema_version": 0,
          "private": "bnVsbA==",
          "dependencies": [
            "module.s3.aws_s3_bucket.this"
          ]
        }
      ]
    }
  ],
  "check_results": [
    {
      "object_kind": "var",
      "config_addr": "var.bucket_name",
      "status": "pass",
      "objects": [
        {
          "object_addr": "var.bucket_name",
          "status": "pass"
        }
      ]
    },
    {
      "object_kind": "var",
      "config_addr": "module.cloudfront.var.additional_tags",
      "status": "pass",
      "objects": [
        {
          "object_addr": "module.cloudfront.var.additional_tags",
          "status": "pass"
        }
      ]
    },
    {
      "object_kind": "var",
      "config_addr": "var.logging_bucket",
      "status": "pass",
      "objects": [
        {
          "object_addr": "var.logging_bucket",
          "status": "pass"
        }
      ]
    },
    {
      "object_kind": "var",
      "config_addr": "module.cloudfront.var.geo_restriction_type",
      "status": "pass",
      "objects": [
        {
          "object_addr": "module.cloudfront.var.geo_restriction_type",
          "status": "pass"
        }
      ]
    },
    {
      "object_kind": "var",
      "config_addr": "module.cloudfront.var.environment",
      "status": "pass",
      "objects": [
        {
          "object_addr": "module.cloudfront.var.environment",
          "status": "pass"
        }
      ]
    },
    {
      "object_kind": "var",
      "config_addr": "module.cloudfront.var.default_root_object",
      "status": "pass",
      "objects": [
        {
          "object_addr": "module.cloudfront.var.default_root_object",
          "status": "pass"
        }
      ]
    },
    {
      "object_kind": "var",
      "config_addr": "module.cloudfront.var.logging_bucket",
      "status": "pass",
      "objects": [
        {
          "object_addr": "module.cloudfront.var.logging_bucket",
          "status": "pass"
        }
      ]
    },
    {
      "object_kind": "var",
      "config_addr": "var.geo_restriction_type",
      "status": "pass",
      "objects": [
        {
          "object_addr": "var.geo_restriction_type",
          "status": "pass"
        }
      ]
    },
    {
      "object_kind": "var",
      "config_addr": "var.domain_aliases",
      "status": "pass",
      "objects": [
        {
          "object_addr": "var.domain_aliases",
          "status": "pass"
        }
      ]
    },
    {
      "object_kind": "var",
      "config_addr": "var.acm_certificate_arn",
      "status": "pass",
      "objects": [
        {
          "object_addr": "var.acm_certificate_arn",
          "status": "pass"
        }
      ]
    },
    {
      "object_kind": "var",
      "config_addr": "var.geo_restriction_locations",
      "status": "pass",
      "objects": [
        {
          "object_addr": "var.geo_restriction_locations",
          "status": "pass"
        }
      ]
    },
    {
      "object_kind": "var",
      "config_addr": "module.cloudfront.var.s3_bucket_domain_name",
      "status": "pass",
      "objects": [
        {
          "object_addr": "module.cloudfront.var.s3_bucket_domain_name",
          "status": "pass"
        }
      ]
    },
    {
      "object_kind": "var",
      "config_addr": "module.cloudfront.var.s3_bucket_arn",
      "status": "pass",
      "objects": [
        {
          "object_addr": "module.cloudfront.var.s3_bucket_arn",
          "status": "pass"
        }
      ]
    },
    {
      "object_kind": "var",
      "config_addr": "module.cloudfront.var.geo_restriction_locations",
      "status": "pass",
      "objects": [
        {
          "object_addr": "module.cloudfront.var.geo_restriction_locations",
          "status": "pass"
        }
      ]
    },
    {
      "object_kind": "var",
      "config_addr": "var.environment",
      "status": "pass",
      "objects": [
        {
          "object_addr": "var.environment",
          "status": "pass"
        }
      ]
    },
    {
      "object_kind": "var",
      "config_addr": "module.cloudfront.var.logging_prefix",
      "status": "pass",
      "objects": [
        {
          "object_addr": "module.cloudfront.var.logging_prefix",
          "status": "pass"
        }
      ]
    },
    {
      "object_kind": "var",
      "config_addr": "var.logging_prefix",
      "status": "pass",
      "objects": [
        {
          "object_addr": "var.logging_prefix",
          "status": "pass"
        }
      ]
    },
    {
      "object_kind": "var",
      "config_addr": "var.cloudfront_price_class",
      "status": "pass",
      "objects": [
        {
          "object_addr": "var.cloudfront_price_class",
          "status": "pass"
        }
      ]
    },
    {
      "object_kind": "var",
      "config_addr": "module.cloudfront.var.price_class",
      "status": "pass",
      "objects": [
        {
          "object_addr": "module.cloudfront.var.price_class",
          "status": "pass"
        }
      ]
    }
  ]
}
